
Microsoft Visual Studio Solution File, Format Version 12.00
# Visual Studio Version 16
VisualStudioVersion = 16.0.31112.23
MinimumVisualStudioVersion = 10.0.40219.1
Project("{8BC9CEB8-8B4A-11D0-8D11-00A0C91BC942}") = "lab01", "lab01\lab01.vcxproj", "{6EEFEA27-E608-40F6-94D4-5B6360A7A9BA}"
EndProject
Project("{8BC9CEB8-8B4A-11D0-8D11-00A0C91BC942}") = "lab02", "lab02\lab02.vcxproj", "{94603AF6-5359-4AC6-AC4B-CD25225B3B7B}"
EndProject
Project("{8BC9CEB8-8B4A-11D0-8D11-00A0C91BC942}") = "lab03", "lab03\lab03.vcxproj", "{6B5D5B45-CC02-41D6-899A-567F60DE8678}"
EndProject
Project("{8BC9CEB8-8B4A-11D0-8D11-00A0C91BC942}") = "lab04", "lab04\lab04.vcxproj", "{72C38A0A-9007-45E6-BB43-3894C8E849AC}"
EndProject
Project("{8BC9CEB8-8B4A-11D0-8D11-00A0C91BC942}") = "lab05", "lab05\lab05.vcxproj", "{A86CF691-BF7C-408B-A6BF-AF5188805575}"
EndProject
Project("{8BC9CEB8-8B4A-11D0-8D11-00A0C91BC942}") = "lab06", "lab06\lab06.vcxproj", "{E1F8F8A5-5A10-4CB7-B466-3BA6DA0BD07E}"
EndProject
Project("{8BC9CEB8-8B4A-11D0-8D11-00A0C91BC942}") = "lab07", "lab07\lab07.vcxproj", "{DC9A96CB-C2ED-41E2-ACAF-7F7B58AB8D27}"
EndProject
Project("{8BC9CEB8-8B4A-11D0-8D11-00A0C91BC942}") = "lab08", "lab08\lab08.vcxproj", "{6D8028C2-3682-4E64-B4DC-056970C54681}"
EndProject
Project("{8BC9CEB8-8B4A-11D0-8D11-00A0C91BC942}") = "lab09", "lab09\lab09.vcxproj", "{6BED4563-3C42-4232-B1FA-E16DBC3486CE}"
EndProject
Project("{8BC9CEB8-8B4A-11D0-8D11-00A0C91BC942}") = "lab10", "lab10\lab10.vcxproj", "{BA3A2E8F-46CB-41DD-809A-04E2B6F9958A}"
EndProject
Project("{8BC9CEB8-8B4A-11D0-8D11-00A0C91BC942}") = "ProblemSet1", "ProblemSet1\ProblemSet1.vcxproj", "{2BFD250F-17EA-4569-8058-0FC57B0922A4}"
EndProject
Project("{8BC9CEB8-8B4A-11D0-8D11-00A0C91BC942}") = "ProblemSet2", "ProblemSet2\ProblemSet2.vcxproj", "{A9C5FFAC-BECE-4026-B685-45507D299DFD}"
EndProject
Project("{8BC9CEB8-8B4A-11D0-8D11-00A0C91BC942}") = "ProblemSet3", "ProblemSet3\ProblemSet3.vcxproj", "{B3C47346-A46A-4F6C-963C-31F8A67DDE4E}"
EndProject
Project("{8BC9CEB8-8B4A-11D0-8D11-00A0C91BC942}") = "ProblemSet4", "ProblemSet4\ProblemSet4.vcxproj", "{6C57CACF-640A-46A4-AB61-B3698674E5C2}"
EndProject
Project("{8BC9CEB8-8B4A-11D0-8D11-00A0C91BC942}") = "Midterms", "Midterms\Midterms.vcxproj", "{398FF50D-DA5B-43DB-8247-C3890578F54C}"
EndProject
Project("{8BC9CEB8-8B4A-11D0-8D11-00A0C91BC942}") = "scratch", "scratch\scratch.vcxproj", "{3F5B1C60-FFF4-4844-AB09-C4AB713665BE}"
EndProject
Project("{8BC9CEB8-8B4A-11D0-8D11-00A0C91BC942}") = "Finals", "Finals\Finals.vcxproj", "{17513C45-6AA0-4563-AC8A-7FB3C63B115B}"
EndProject
Global
	GlobalSection(SolutionConfigurationPlatforms) = preSolution
		Debug|x64 = Debug|x64
		Debug|x86 = Debug|x86
		Release|x64 = Release|x64
		Release|x86 = Release|x86
	EndGlobalSection
	GlobalSection(ProjectConfigurationPlatforms) = postSolution
		{6EEFEA27-E608-40F6-94D4-5B6360A7A9BA}.Debug|x64.ActiveCfg = Debug|x64
		{6EEFEA27-E608-40F6-94D4-5B6360A7A9BA}.Debug|x64.Build.0 = Debug|x64
		{6EEFEA27-E608-40F6-94D4-5B6360A7A9BA}.Debug|x86.ActiveCfg = Debug|Win32
		{6EEFEA27-E608-40F6-94D4-5B6360A7A9BA}.Debug|x86.Build.0 = Debug|Win32
		{6EEFEA27-E608-40F6-94D4-5B6360A7A9BA}.Release|x64.ActiveCfg = Release|x64
		{6EEFEA27-E608-40F6-94D4-5B6360A7A9BA}.Release|x64.Build.0 = Release|x64
		{6EEFEA27-E608-40F6-94D4-5B6360A7A9BA}.Release|x86.ActiveCfg = Release|Win32
		{6EEFEA27-E608-40F6-94D4-5B6360A7A9BA}.Release|x86.Build.0 = Release|Win32
		{94603AF6-5359-4AC6-AC4B-CD25225B3B7B}.Debug|x64.ActiveCfg = Debug|x64
		{94603AF6-5359-4AC6-AC4B-CD25225B3B7B}.Debug|x64.Build.0 = Debug|x64
		{94603AF6-5359-4AC6-AC4B-CD25225B3B7B}.Debug|x86.ActiveCfg = Debug|Win32
		{94603AF6-5359-4AC6-AC4B-CD25225B3B7B}.Debug|x86.Build.0 = Debug|Win32
		{94603AF6-5359-4AC6-AC4B-CD25225B3B7B}.Release|x64.ActiveCfg = Release|x64
		{94603AF6-5359-4AC6-AC4B-CD25225B3B7B}.Release|x64.Build.0 = Release|x64
		{94603AF6-5359-4AC6-AC4B-CD25225B3B7B}.Release|x86.ActiveCfg = Release|Win32
		{94603AF6-5359-4AC6-AC4B-CD25225B3B7B}.Release|x86.Build.0 = Release|Win32
		{6B5D5B45-CC02-41D6-899A-567F60DE8678}.Debug|x64.ActiveCfg = Debug|x64
		{6B5D5B45-CC02-41D6-899A-567F60DE8678}.Debug|x64.Build.0 = Debug|x64
		{6B5D5B45-CC02-41D6-899A-567F60DE8678}.Debug|x86.ActiveCfg = Debug|Win32
		{6B5D5B45-CC02-41D6-899A-567F60DE8678}.Debug|x86.Build.0 = Debug|Win32
		{6B5D5B45-CC02-41D6-899A-567F60DE8678}.Release|x64.ActiveCfg = Release|x64
		{6B5D5B45-CC02-41D6-899A-567F60DE8678}.Release|x64.Build.0 = Release|x64
		{6B5D5B45-CC02-41D6-899A-567F60DE8678}.Release|x86.ActiveCfg = Release|Win32
		{6B5D5B45-CC02-41D6-899A-567F60DE8678}.Release|x86.Build.0 = Release|Win32
		{72C38A0A-9007-45E6-BB43-3894C8E849AC}.Debug|x64.ActiveCfg = Debug|x64
		{72C38A0A-9007-45E6-BB43-3894C8E849AC}.Debug|x64.Build.0 = Debug|x64
		{72C38A0A-9007-45E6-BB43-3894C8E849AC}.Debug|x86.ActiveCfg = Debug|Win32
		{72C38A0A-9007-45E6-BB43-3894C8E849AC}.Debug|x86.Build.0 = Debug|Win32
		{72C38A0A-9007-45E6-BB43-3894C8E849AC}.Release|x64.ActiveCfg = Release|x64
		{72C38A0A-9007-45E6-BB43-3894C8E849AC}.Release|x64.Build.0 = Release|x64
		{72C38A0A-9007-45E6-BB43-3894C8E849AC}.Release|x86.ActiveCfg = Release|Win32
		{72C38A0A-9007-45E6-BB43-3894C8E849AC}.Release|x86.Build.0 = Release|Win32
		{A86CF691-BF7C-408B-A6BF-AF5188805575}.Debug|x64.ActiveCfg = Debug|x64
		{A86CF691-BF7C-408B-A6BF-AF5188805575}.Debug|x64.Build.0 = Debug|x64
		{A86CF691-BF7C-408B-A6BF-AF5188805575}.Debug|x86.ActiveCfg = Debug|Win32
		{A86CF691-BF7C-408B-A6BF-AF5188805575}.Debug|x86.Build.0 = Debug|Win32
		{A86CF691-BF7C-408B-A6BF-AF5188805575}.Release|x64.ActiveCfg = Release|x64
		{A86CF691-BF7C-408B-A6BF-AF5188805575}.Release|x64.Build.0 = Release|x64
		{A86CF691-BF7C-408B-A6BF-AF5188805575}.Release|x86.ActiveCfg = Release|Win32
		{A86CF691-BF7C-408B-A6BF-AF5188805575}.Release|x86.Build.0 = Release|Win32
		{E1F8F8A5-5A10-4CB7-B466-3BA6DA0BD07E}.Debug|x64.ActiveCfg = Debug|x64
		{E1F8F8A5-5A10-4CB7-B466-3BA6DA0BD07E}.Debug|x64.Build.0 = Debug|x64
		{E1F8F8A5-5A10-4CB7-B466-3BA6DA0BD07E}.Debug|x86.ActiveCfg = Debug|Win32
		{E1F8F8A5-5A10-4CB7-B466-3BA6DA0BD07E}.Debug|x86.Build.0 = Debug|Win32
		{E1F8F8A5-5A10-4CB7-B466-3BA6DA0BD07E}.Release|x64.ActiveCfg = Release|x64
		{E1F8F8A5-5A10-4CB7-B466-3BA6DA0BD07E}.Release|x64.Build.0 = Release|x64
		{E1F8F8A5-5A10-4CB7-B466-3BA6DA0BD07E}.Release|x86.ActiveCfg = Release|Win32
		{E1F8F8A5-5A10-4CB7-B466-3BA6DA0BD07E}.Release|x86.Build.0 = Release|Win32
		{DC9A96CB-C2ED-41E2-ACAF-7F7B58AB8D27}.Debug|x64.ActiveCfg = Debug|x64
		{DC9A96CB-C2ED-41E2-ACAF-7F7B58AB8D27}.Debug|x64.Build.0 = Debug|x64
		{DC9A96CB-C2ED-41E2-ACAF-7F7B58AB8D27}.Debug|x86.ActiveCfg = Debug|Win32
		{DC9A96CB-C2ED-41E2-ACAF-7F7B58AB8D27}.Debug|x86.Build.0 = Debug|Win32
		{DC9A96CB-C2ED-41E2-ACAF-7F7B58AB8D27}.Release|x64.ActiveCfg = Release|x64
		{DC9A96CB-C2ED-41E2-ACAF-7F7B58AB8D27}.Release|x64.Build.0 = Release|x64
		{DC9A96CB-C2ED-41E2-ACAF-7F7B58AB8D27}.Release|x86.ActiveCfg = Release|Win32
		{DC9A96CB-C2ED-41E2-ACAF-7F7B58AB8D27}.Release|x86.Build.0 = Release|Win32
		{6D8028C2-3682-4E64-B4DC-056970C54681}.Debug|x64.ActiveCfg = Debug|x64
		{6D8028C2-3682-4E64-B4DC-056970C54681}.Debug|x64.Build.0 = Debug|x64
		{6D8028C2-3682-4E64-B4DC-056970C54681}.Debug|x86.ActiveCfg = Debug|Win32
		{6D8028C2-3682-4E64-B4DC-056970C54681}.Debug|x86.Build.0 = Debug|Win32
		{6D8028C2-3682-4E64-B4DC-056970C54681}.Release|x64.ActiveCfg = Release|x64
		{6D8028C2-3682-4E64-B4DC-056970C54681}.Release|x64.Build.0 = Release|x64
		{6D8028C2-3682-4E64-B4DC-056970C54681}.Release|x86.ActiveCfg = Release|Win32
		{6D8028C2-3682-4E64-B4DC-056970C54681}.Release|x86.Build.0 = Release|Win32
		{6BED4563-3C42-4232-B1FA-E16DBC3486CE}.Debug|x64.ActiveCfg = Debug|x64
		{6BED4563-3C42-4232-B1FA-E16DBC3486CE}.Debug|x64.Build.0 = Debug|x64
		{6BED4563-3C42-4232-B1FA-E16DBC3486CE}.Debug|x86.ActiveCfg = Debug|Win32
		{6BED4563-3C42-4232-B1FA-E16DBC3486CE}.Debug|x86.Build.0 = Debug|Win32
		{6BED4563-3C42-4232-B1FA-E16DBC3486CE}.Release|x64.ActiveCfg = Release|x64
		{6BED4563-3C42-4232-B1FA-E16DBC3486CE}.Release|x64.Build.0 = Release|x64
		{6BED4563-3C42-4232-B1FA-E16DBC3486CE}.Release|x86.ActiveCfg = Release|Win32
		{6BED4563-3C42-4232-B1FA-E16DBC3486CE}.Release|x86.Build.0 = Release|Win32
		{BA3A2E8F-46CB-41DD-809A-04E2B6F9958A}.Debug|x64.ActiveCfg = Debug|x64
		{BA3A2E8F-46CB-41DD-809A-04E2B6F9958A}.Debug|x64.Build.0 = Debug|x64
		{BA3A2E8F-46CB-41DD-809A-04E2B6F9958A}.Debug|x86.ActiveCfg = Debug|Win32
		{BA3A2E8F-46CB-41DD-809A-04E2B6F9958A}.Debug|x86.Build.0 = Debug|Win32
		{BA3A2E8F-46CB-41DD-809A-04E2B6F9958A}.Release|x64.ActiveCfg = Release|x64
		{BA3A2E8F-46CB-41DD-809A-04E2B6F9958A}.Release|x64.Build.0 = Release|x64
		{BA3A2E8F-46CB-41DD-809A-04E2B6F9958A}.Release|x86.ActiveCfg = Release|Win32
		{BA3A2E8F-46CB-41DD-809A-04E2B6F9958A}.Release|x86.Build.0 = Release|Win32
		{2BFD250F-17EA-4569-8058-0FC57B0922A4}.Debug|x64.ActiveCfg = Debug|x64
		{2BFD250F-17EA-4569-8058-0FC57B0922A4}.Debug|x64.Build.0 = Debug|x64
		{2BFD250F-17EA-4569-8058-0FC57B0922A4}.Debug|x86.ActiveCfg = Debug|Win32
		{2BFD250F-17EA-4569-8058-0FC57B0922A4}.Debug|x86.Build.0 = Debug|Win32
		{2BFD250F-17EA-4569-8058-0FC57B0922A4}.Release|x64.ActiveCfg = Release|x64
		{2BFD250F-17EA-4569-8058-0FC57B0922A4}.Release|x64.Build.0 = Release|x64
		{2BFD250F-17EA-4569-8058-0FC57B0922A4}.Release|x86.ActiveCfg = Release|Win32
		{2BFD250F-17EA-4569-8058-0FC57B0922A4}.Release|x86.Build.0 = Release|Win32
		{A9C5FFAC-BECE-4026-B685-45507D299DFD}.Debug|x64.ActiveCfg = Debug|x64
		{A9C5FFAC-BECE-4026-B685-45507D299DFD}.Debug|x64.Build.0 = Debug|x64
		{A9C5FFAC-BECE-4026-B685-45507D299DFD}.Debug|x86.ActiveCfg = Debug|Win32
		{A9C5FFAC-BECE-4026-B685-45507D299DFD}.Debug|x86.Build.0 = Debug|Win32
		{A9C5FFAC-BECE-4026-B685-45507D299DFD}.Release|x64.ActiveCfg = Release|x64
		{A9C5FFAC-BECE-4026-B685-45507D299DFD}.Release|x64.Build.0 = Release|x64
		{A9C5FFAC-BECE-4026-B685-45507D299DFD}.Release|x86.ActiveCfg = Release|Win32
		{A9C5FFAC-BECE-4026-B685-45507D299DFD}.Release|x86.Build.0 = Release|Win32
		{B3C47346-A46A-4F6C-963C-31F8A67DDE4E}.Debug|x64.ActiveCfg = Debug|x64
		{B3C47346-A46A-4F6C-963C-31F8A67DDE4E}.Debug|x64.Build.0 = Debug|x64
		{B3C47346-A46A-4F6C-963C-31F8A67DDE4E}.Debug|x86.ActiveCfg = Debug|Win32
		{B3C47346-A46A-4F6C-963C-31F8A67DDE4E}.Debug|x86.Build.0 = Debug|Win32
		{B3C47346-A46A-4F6C-963C-31F8A67DDE4E}.Release|x64.ActiveCfg = Release|x64
		{B3C47346-A46A-4F6C-963C-31F8A67DDE4E}.Release|x64.Build.0 = Release|x64
		{B3C47346-A46A-4F6C-963C-31F8A67DDE4E}.Release|x86.ActiveCfg = Release|Win32
		{B3C47346-A46A-4F6C-963C-31F8A67DDE4E}.Release|x86.Build.0 = Release|Win32
		{6C57CACF-640A-46A4-AB61-B3698674E5C2}.Debug|x64.ActiveCfg = Debug|x64
		{6C57CACF-640A-46A4-AB61-B3698674E5C2}.Debug|x64.Build.0 = Debug|x64
		{6C57CACF-640A-46A4-AB61-B3698674E5C2}.Debug|x86.ActiveCfg = Debug|Win32
		{6C57CACF-640A-46A4-AB61-B3698674E5C2}.Debug|x86.Build.0 = Debug|Win32
		{6C57CACF-640A-46A4-AB61-B3698674E5C2}.Release|x64.ActiveCfg = Release|x64
		{6C57CACF-640A-46A4-AB61-B3698674E5C2}.Release|x64.Build.0 = Release|x64
		{6C57CACF-640A-46A4-AB61-B3698674E5C2}.Release|x86.ActiveCfg = Release|Win32
		{6C57CACF-640A-46A4-AB61-B3698674E5C2}.Release|x86.Build.0 = Release|Win32
		{398FF50D-DA5B-43DB-8247-C3890578F54C}.Debug|x64.ActiveCfg = Debug|x64
		{398FF50D-DA5B-43DB-8247-C3890578F54C}.Debug|x64.Build.0 = Debug|x64
		{398FF50D-DA5B-43DB-8247-C3890578F54C}.Debug|x86.ActiveCfg = Debug|Win32
		{398FF50D-DA5B-43DB-8247-C3890578F54C}.Debug|x86.Build.0 = Debug|Win32
		{398FF50D-DA5B-43DB-8247-C3890578F54C}.Release|x64.ActiveCfg = Release|x64
		{398FF50D-DA5B-43DB-8247-C3890578F54C}.Release|x64.Build.0 = Release|x64
		{398FF50D-DA5B-43DB-8247-C3890578F54C}.Release|x86.ActiveCfg = Release|Win32
		{398FF50D-DA5B-43DB-8247-C3890578F54C}.Release|x86.Build.0 = Release|Win32
		{3F5B1C60-FFF4-4844-AB09-C4AB713665BE}.Debug|x64.ActiveCfg = Debug|x64
		{3F5B1C60-FFF4-4844-AB09-C4AB713665BE}.Debug|x64.Build.0 = Debug|x64
		{3F5B1C60-FFF4-4844-AB09-C4AB713665BE}.Debug|x86.ActiveCfg = Debug|Win32
		{3F5B1C60-FFF4-4844-AB09-C4AB713665BE}.Debug|x86.Build.0 = Debug|Win32
		{3F5B1C60-FFF4-4844-AB09-C4AB713665BE}.Release|x64.ActiveCfg = Release|x64
		{3F5B1C60-FFF4-4844-AB09-C4AB713665BE}.Release|x64.Build.0 = Release|x64
		{3F5B1C60-FFF4-4844-AB09-C4AB713665BE}.Release|x86.ActiveCfg = Release|Win32
		{3F5B1C60-FFF4-4844-AB09-C4AB713665BE}.Release|x86.Build.0 = Release|Win32
		{17513C45-6AA0-4563-AC8A-7FB3C63B115B}.Debug|x64.ActiveCfg = Debug|x64
		{17513C45-6AA0-4563-AC8A-7FB3C63B115B}.Debug|x64.Build.0 = Debug|x64
		{17513C45-6AA0-4563-AC8A-7FB3C63B115B}.Debug|x86.ActiveCfg = Debug|Win32
		{17513C45-6AA0-4563-AC8A-7FB3C63B115B}.Debug|x86.Build.0 = Debug|Win32
		{17513C45-6AA0-4563-AC8A-7FB3C63B115B}.Release|x64.ActiveCfg = Release|x64
		{17513C45-6AA0-4563-AC8A-7FB3C63B115B}.Release|x64.Build.0 = Release|x64
		{17513C45-6AA0-4563-AC8A-7FB3C63B115B}.Release|x86.ActiveCfg = Release|Win32
		{17513C45-6AA0-4563-AC8A-7FB3C63B115B}.Release|x86.Build.0 = Release|Win32
	EndGlobalSection
	GlobalSection(SolutionProperties) = preSolution
		HideSolutionNode = FALSE
	EndGlobalSection
	GlobalSection(ExtensibilityGlobals) = postSolution
		SolutionGuid = {F8D826B6-2CAF-4ADA-95AC-BE9A48546B72}
	EndGlobalSection
EndGlobal
